
Microsoft Visual Studio Solution File, Format Version 12.00
# Visual Studio 15
VisualStudioVersion = 15.0.27703.2042
MinimumVisualStudioVersion = 10.0.40219.1
Project("{FAE04EC0-301F-11D3-BF4B-00C04F79EFBC}") = "ReleasePipeDemoApp", "ReleasePipeDemoApp\ReleasePipeDemoApp.csproj", "{F4EE65FA-B8C6-4015-A354-64E8092D3B6D}"
EndProject
Project("{FAE04EC0-301F-11D3-BF4B-00C04F79EFBC}") = "ReleasePipeDemoApp.Tests", "ReleasePipeDemoApp.Tests\ReleasePipeDemoApp.Tests.csproj", "{33CD3AC2-0BC1-471D-A1C3-B46732D82694}"
EndProject
Global
	GlobalSection(SolutionConfigurationPlatforms) = preSolution
		Debug|Any CPU = Debug|Any CPU
		Release|Any CPU = Release|Any CPU
	EndGlobalSection
	GlobalSection(ProjectConfigurationPlatforms) = postSolution
		{F4EE65FA-B8C6-4015-A354-64E8092D3B6D}.Debug|Any CPU.ActiveCfg = Debug|Any CPU
		{F4EE65FA-B8C6-4015-A354-64E8092D3B6D}.Debug|Any CPU.Build.0 = Debug|Any CPU
		{F4EE65FA-B8C6-4015-A354-64E8092D3B6D}.Release|Any CPU.ActiveCfg = Release|Any CPU
		{F4EE65FA-B8C6-4015-A354-64E8092D3B6D}.Release|Any CPU.Build.0 = Release|Any CPU
		{33CD3AC2-0BC1-471D-A1C3-B46732D82694}.Debug|Any CPU.ActiveCfg = Debug|Any CPU
		{33CD3AC2-0BC1-471D-A1C3-B46732D82694}.Debug|Any CPU.Build.0 = Debug|Any CPU
		{33CD3AC2-0BC1-471D-A1C3-B46732D82694}.Release|Any CPU.ActiveCfg = Release|Any CPU
		{33CD3AC2-0BC1-471D-A1C3-B46732D82694}.Release|Any CPU.Build.0 = Release|Any CPU
	EndGlobalSection
	GlobalSection(SolutionProperties) = preSolution
		HideSolutionNode = FALSE
	EndGlobalSection
	GlobalSection(ExtensibilityGlobals) = postSolution
		SolutionGuid = {C0E463A9-F1EE-44AB-9ACA-92895D60FDA1}
	EndGlobalSection
EndGlobal
